{
    "_readme": [
        "This file locks the dependencies of your project to a known state",
        "Read more about it at https://getcomposer.org/doc/01-basic-usage.md#installing-dependencies",
        "This file is @generated automatically"
    ],
    "content-hash": "2bc65ec11ff19b716e15c15821f3a040",
    "packages": [
        {
            "name": "tecnickcom/tc-lib-barcode",
            "version": "1.15.14",
            "source": {
                "type": "git",
                "url": "https://github.com/tecnickcom/tc-lib-barcode.git",
                "reference": "c0ced182632fa2b9036ccce79d1e362c90b0d5a4"
            },
            "dist": {
                "type": "zip",
                "url": "https://api.github.com/repos/tecnickcom/tc-lib-barcode/zipball/c0ced182632fa2b9036ccce79d1e362c90b0d5a4",
                "reference": "c0ced182632fa2b9036ccce79d1e362c90b0d5a4",
                "shasum": ""
            },
            "require": {
                "ext-bcmath": "*",
                "ext-date": "*",
                "ext-gd": "*",
                "ext-pcre": "*",
                "php": ">=5.3",
                "tecnickcom/tc-lib-color": "^1.12.12"
            },
            "require-dev": {
                "apigen/apigen": "^2.8.1 || ^4.1.2",
                "bartlett/php-compatinfo": "^4.5.2 || ^5.0.10 || ^5.0.12",
                "pdepend/pdepend": "^2.5.2",
                "phploc/phploc": "^2.1 || ^3.0 || ^4.0",
                "phpmd/phpmd": "^2.6.0",
                "phpunit/phpunit": "^4.8 || ^5.7 || ^6.5 || ^7.1",
                "sebastian/phpcpd": "^2.0 || ^3.0 || ^4.0",
                "squizlabs/php_codesniffer": "^2.8.0 || ^3.2.0"
            },
            "type": "library",
            "autoload": {
                "psr-4": {
                    "Com\\Tecnick\\Barcode\\": "src"
                }
            },
            "notification-url": "https://packagist.org/downloads/",
            "license": [
                "LGPL-3.0"
            ],
            "authors": [
                {
                    "name": "Nicola Asuni",
                    "role": "lead",
                    "email": "info@tecnick.com"
                }
            ],
            "description": "PHP library to generate linear and bidimensional barcodes",
            "homepage": "http://www.tecnick.com",
            "keywords": [
                "3 of 9",
                "ANSI MH10.8M-1983",
                "CBC",
                "CODABAR",
                "CODE 11",
                "CODE 128 A B C",
                "CODE 39",
                "CODE 93",
                "EAN 13",
                "EAN 8",
                "ECC200",
                "Intelligent Mail Barcode",
                "Interleaved 2 of 5",
                "KIX",
                "Klant",
                "MSI",
                "Onecode",
                "PHARMACODE",
                "PHARMACODE TWO-TRACKS",
                "POSTNET",
                "RMS4CC",
                "Standard 2 of 5",
                "UPC-A",
                "UPC-E",
                "USD-3",
                "USPS-B-3200",
                "USS-93",
                "barcode",
                "datamatrix",
                "pdf417",
                "planet",
                "qr-code",
                "royal mail",
                "tc-lib-barcode",
                "upc"
            ],
            "time": "2019-05-01T08:14:47+00:00"
        },
        {
            "name": "tecnickcom/tc-lib-color",
            "version": "1.12.12",
            "source": {
                "type": "git",
                "url": "https://github.com/tecnickcom/tc-lib-color.git",
                "reference": "bfb8e97975ef9979e808adb464a2bb27052c7115"
            },
            "dist": {
                "type": "zip",
                "url": "https://api.github.com/repos/tecnickcom/tc-lib-color/zipball/bfb8e97975ef9979e808adb464a2bb27052c7115",
                "reference": "bfb8e97975ef9979e808adb464a2bb27052c7115",
                "shasum": ""
            },
            "require": {
                "ext-pcre": "*",
                "php": ">=5.3"
            },
            "require-dev": {
                "apigen/apigen": "^2.8.1 || ^4.1.2",
                "bartlett/php-compatinfo": "^4.5.2 || ^5.0.10 || ^5.0.12",
                "pdepend/pdepend": "^2.5.2",
                "phploc/phploc": "^2.1 || ^3.0 || ^4.0",
                "phpmd/phpmd": "^2.6.0",
                "phpunit/phpunit": "^4.8 || ^5.7 || ^6.5 || ^7.1",
                "sebastian/phpcpd": "^2.0 || ^3.0 || ^4.0",
                "squizlabs/php_codesniffer": "^2.8.0 || ^3.2.0"
            },
            "type": "library",
            "autoload": {
                "psr-4": {
                    "Com\\Tecnick\\Color\\": "src"
                }
            },
            "notification-url": "https://packagist.org/downloads/",
            "license": [
                "LGPL-3.0"
            ],
            "authors": [
                {
                    "name": "Nicola Asuni",
                    "role": "lead",
                    "email": "info@tecnick.com"
                }
            ],
            "description": "PHP library to manipulate various color representations",
            "homepage": "http://www.tecnick.com",
            "keywords": [
                "cmyk",
                "color",
                "colors",
                "colour",
                "colours",
                "hsl",
                "hsla",
                "javascript",
                "rgb",
                "rgba",
                "tc-lib-color",
                "web"
            ],
            "time": "2018-06-23T09:21:30+00:00"
        }
    ],
    "packages-dev": [],
    "aliases": [],
    "minimum-stability": "stable",
    "stability-flags": [],
    "prefer-stable": false,
    "prefer-lowest": false,
    "platform": [],
    "platform-dev": []
}
